
Microsoft Visual Studio Solution File, Format Version 12.00
# Visual Studio Version 17
VisualStudioVersion = 17.12.35527.113 d17.12
MinimumVisualStudioVersion = 10.0.40219.1
Project("{FAE04EC0-301F-11D3-BF4B-00C04F79EFBC}") = "RandomNumbers", "RandomNumbers\RandomNumbers.csproj", "{1BF0DC19-136F-4D77-AB78-0A93CD16B463}"
EndProject
Global
	GlobalSection(SolutionConfigurationPlatforms) = preSolution
		Debug|Any CPU = Debug|Any CPU
		Release|Any CPU = Release|Any CPU
	EndGlobalSection
	GlobalSection(ProjectConfigurationPlatforms) = postSolution
		{1BF0DC19-136F-4D77-AB78-0A93CD16B463}.Debug|Any CPU.ActiveCfg = Debug|Any CPU
		{1BF0DC19-136F-4D77-AB78-0A93CD16B463}.Debug|Any CPU.Build.0 = Debug|Any CPU
		{1BF0DC19-136F-4D77-AB78-0A93CD16B463}.Release|Any CPU.ActiveCfg = Release|Any CPU
		{1BF0DC19-136F-4D77-AB78-0A93CD16B463}.Release|Any CPU.Build.0 = Release|Any CPU
	EndGlobalSection
	GlobalSection(SolutionProperties) = preSolution
		HideSolutionNode = FALSE
	EndGlobalSection
EndGlobal
